
Microsoft Visual Studio Solution File, Format Version 12.00
# Visual Studio Version 16
VisualStudioVersion = 16.0.29609.76
MinimumVisualStudioVersion = 10.0.40219.1
Project("{2150E333-8FDC-42A3-9474-1A3956D46DE8}") = "Core", "Core", "{B2B67825-B2DE-46A0-B4A4-4F2D6446A60B}"
EndProject
Project("{FAE04EC0-301F-11D3-BF4B-00C04F79EFBC}") = "TestProject.Core.Domain", "TestProject.Core.Domain\TestProject.Core.Domain.csproj", "{F77EC430-1ADC-45A1-B1DE-33A5BD75E1C1}"
EndProject
Project("{2150E333-8FDC-42A3-9474-1A3956D46DE8}") = "DAL", "DAL", "{EA8742D8-356C-4E05-89D1-F043B63E6714}"
EndProject
Project("{FAE04EC0-301F-11D3-BF4B-00C04F79EFBC}") = "TestProject.Storage.Core", "TestProject.Storage.Core\TestProject.Storage.Core.csproj", "{0D2438AF-3874-43B8-A4B2-CCC28C7E2060}"
EndProject
Project("{FAE04EC0-301F-11D3-BF4B-00C04F79EFBC}") = "TestProject.Storage.Repositories", "TestProject.Storage.Repositories\TestProject.Storage.Repositories.csproj", "{0911A442-2F7F-41EE-89F9-BC20C796C23F}"
EndProject
Project("{2150E333-8FDC-42A3-9474-1A3956D46DE8}") = "Shared", "Shared", "{80305C2A-262C-4821-AB61-86CA1370F412}"
EndProject
Project("{FAE04EC0-301F-11D3-BF4B-00C04F79EFBC}") = "TestProject.Common", "TestProject.Common\TestProject.Common.csproj", "{A0403DF9-F7B2-4CB4-9820-8A6C5B0FDFCC}"
EndProject
Project("{FAE04EC0-301F-11D3-BF4B-00C04F79EFBC}") = "TestProject.Storage.DAL", "TestProject.Storage.DAL\TestProject.Storage.DAL.csproj", "{753D0C6D-0E05-4C36-9DF6-8D092FAE023B}"
EndProject
Project("{2150E333-8FDC-42A3-9474-1A3956D46DE8}") = "Infrastructure", "Infrastructure", "{CD02A758-DCD8-4817-8130-9EE5A21ACD38}"
EndProject
Project("{FAE04EC0-301F-11D3-BF4B-00C04F79EFBC}") = "TestProject.Infrastructure.Services", "TestProject.Infrastructure.Services\TestProject.Infrastructure.Services.csproj", "{E4939944-C0C8-47E5-ABDB-04E96519FAE5}"
EndProject
Project("{FAE04EC0-301F-11D3-BF4B-00C04F79EFBC}") = "TestProject.Core.Services", "TestProject.Core.Services\TestProject.Core.Services.csproj", "{40B3E0DD-B3CC-42E6-A507-DB6163448FA4}"
EndProject
Project("{2150E333-8FDC-42A3-9474-1A3956D46DE8}") = "Tests", "Tests", "{56A8193B-1871-4F04-A3A6-4967684BC66D}"
EndProject
Project("{FAE04EC0-301F-11D3-BF4B-00C04F79EFBC}") = "TestProject.Test.Integration", "TestProject.Test.Integration\TestProject.Test.Integration.csproj", "{3F4696CD-6033-4DDE-95F3-7923C1B9465C}"
EndProject
Project("{FAE04EC0-301F-11D3-BF4B-00C04F79EFBC}") = "TestProject.Test.Unit", "TestProject.Test.Unit\TestProject.Test.Unit.csproj", "{46E58B38-540D-4677-B682-396DA447E784}"
EndProject
Project("{FAE04EC0-301F-11D3-BF4B-00C04F79EFBC}") = "TestProject.Storage.Migrations", "TestProject.Storage.Migrations\TestProject.Storage.Migrations.csproj", "{C639571B-C981-4C5C-A0CB-D200D91A4D6E}"
EndProject
Project("{2150E333-8FDC-42A3-9474-1A3956D46DE8}") = "WebApi", "WebApi", "{20D01436-8294-4317-B189-A72B1673F64A}"
EndProject
Project("{FAE04EC0-301F-11D3-BF4B-00C04F79EFBC}") = "TestProject.API", "TestProject.API\TestProject.API.csproj", "{87CF62F9-E9E0-423A-AB4C-775A21B9008A}"
EndProject
Global
	GlobalSection(SolutionConfigurationPlatforms) = preSolution
		Debug|Any CPU = Debug|Any CPU
		Release|Any CPU = Release|Any CPU
	EndGlobalSection
	GlobalSection(ProjectConfigurationPlatforms) = postSolution
		{F77EC430-1ADC-45A1-B1DE-33A5BD75E1C1}.Debug|Any CPU.ActiveCfg = Debug|Any CPU
		{F77EC430-1ADC-45A1-B1DE-33A5BD75E1C1}.Debug|Any CPU.Build.0 = Debug|Any CPU
		{F77EC430-1ADC-45A1-B1DE-33A5BD75E1C1}.Release|Any CPU.ActiveCfg = Release|Any CPU
		{F77EC430-1ADC-45A1-B1DE-33A5BD75E1C1}.Release|Any CPU.Build.0 = Release|Any CPU
		{0D2438AF-3874-43B8-A4B2-CCC28C7E2060}.Debug|Any CPU.ActiveCfg = Debug|Any CPU
		{0D2438AF-3874-43B8-A4B2-CCC28C7E2060}.Debug|Any CPU.Build.0 = Debug|Any CPU
		{0D2438AF-3874-43B8-A4B2-CCC28C7E2060}.Release|Any CPU.ActiveCfg = Release|Any CPU
		{0D2438AF-3874-43B8-A4B2-CCC28C7E2060}.Release|Any CPU.Build.0 = Release|Any CPU
		{0911A442-2F7F-41EE-89F9-BC20C796C23F}.Debug|Any CPU.ActiveCfg = Debug|Any CPU
		{0911A442-2F7F-41EE-89F9-BC20C796C23F}.Debug|Any CPU.Build.0 = Debug|Any CPU
		{0911A442-2F7F-41EE-89F9-BC20C796C23F}.Release|Any CPU.ActiveCfg = Release|Any CPU
		{0911A442-2F7F-41EE-89F9-BC20C796C23F}.Release|Any CPU.Build.0 = Release|Any CPU
		{A0403DF9-F7B2-4CB4-9820-8A6C5B0FDFCC}.Debug|Any CPU.ActiveCfg = Debug|Any CPU
		{A0403DF9-F7B2-4CB4-9820-8A6C5B0FDFCC}.Debug|Any CPU.Build.0 = Debug|Any CPU
		{A0403DF9-F7B2-4CB4-9820-8A6C5B0FDFCC}.Release|Any CPU.ActiveCfg = Release|Any CPU
		{A0403DF9-F7B2-4CB4-9820-8A6C5B0FDFCC}.Release|Any CPU.Build.0 = Release|Any CPU
		{753D0C6D-0E05-4C36-9DF6-8D092FAE023B}.Debug|Any CPU.ActiveCfg = Debug|Any CPU
		{753D0C6D-0E05-4C36-9DF6-8D092FAE023B}.Debug|Any CPU.Build.0 = Debug|Any CPU
		{753D0C6D-0E05-4C36-9DF6-8D092FAE023B}.Release|Any CPU.ActiveCfg = Release|Any CPU
		{753D0C6D-0E05-4C36-9DF6-8D092FAE023B}.Release|Any CPU.Build.0 = Release|Any CPU
		{E4939944-C0C8-47E5-ABDB-04E96519FAE5}.Debug|Any CPU.ActiveCfg = Debug|Any CPU
		{E4939944-C0C8-47E5-ABDB-04E96519FAE5}.Debug|Any CPU.Build.0 = Debug|Any CPU
		{E4939944-C0C8-47E5-ABDB-04E96519FAE5}.Release|Any CPU.ActiveCfg = Release|Any CPU
		{E4939944-C0C8-47E5-ABDB-04E96519FAE5}.Release|Any CPU.Build.0 = Release|Any CPU
		{40B3E0DD-B3CC-42E6-A507-DB6163448FA4}.Debug|Any CPU.ActiveCfg = Debug|Any CPU
		{40B3E0DD-B3CC-42E6-A507-DB6163448FA4}.Debug|Any CPU.Build.0 = Debug|Any CPU
		{40B3E0DD-B3CC-42E6-A507-DB6163448FA4}.Release|Any CPU.ActiveCfg = Release|Any CPU
		{40B3E0DD-B3CC-42E6-A507-DB6163448FA4}.Release|Any CPU.Build.0 = Release|Any CPU
		{3F4696CD-6033-4DDE-95F3-7923C1B9465C}.Debug|Any CPU.ActiveCfg = Debug|Any CPU
		{3F4696CD-6033-4DDE-95F3-7923C1B9465C}.Debug|Any CPU.Build.0 = Debug|Any CPU
		{3F4696CD-6033-4DDE-95F3-7923C1B9465C}.Release|Any CPU.ActiveCfg = Release|Any CPU
		{3F4696CD-6033-4DDE-95F3-7923C1B9465C}.Release|Any CPU.Build.0 = Release|Any CPU
		{46E58B38-540D-4677-B682-396DA447E784}.Debug|Any CPU.ActiveCfg = Debug|Any CPU
		{46E58B38-540D-4677-B682-396DA447E784}.Debug|Any CPU.Build.0 = Debug|Any CPU
		{46E58B38-540D-4677-B682-396DA447E784}.Release|Any CPU.ActiveCfg = Release|Any CPU
		{46E58B38-540D-4677-B682-396DA447E784}.Release|Any CPU.Build.0 = Release|Any CPU
		{C639571B-C981-4C5C-A0CB-D200D91A4D6E}.Debug|Any CPU.ActiveCfg = Debug|Any CPU
		{C639571B-C981-4C5C-A0CB-D200D91A4D6E}.Debug|Any CPU.Build.0 = Debug|Any CPU
		{C639571B-C981-4C5C-A0CB-D200D91A4D6E}.Release|Any CPU.ActiveCfg = Release|Any CPU
		{C639571B-C981-4C5C-A0CB-D200D91A4D6E}.Release|Any CPU.Build.0 = Release|Any CPU
		{87CF62F9-E9E0-423A-AB4C-775A21B9008A}.Debug|Any CPU.ActiveCfg = Debug|Any CPU
		{87CF62F9-E9E0-423A-AB4C-775A21B9008A}.Debug|Any CPU.Build.0 = Debug|Any CPU
		{87CF62F9-E9E0-423A-AB4C-775A21B9008A}.Release|Any CPU.ActiveCfg = Release|Any CPU
		{87CF62F9-E9E0-423A-AB4C-775A21B9008A}.Release|Any CPU.Build.0 = Release|Any CPU
	EndGlobalSection
	GlobalSection(SolutionProperties) = preSolution
		HideSolutionNode = FALSE
	EndGlobalSection
	GlobalSection(ExtensibilityGlobals) = postSolution
		SolutionGuid = {4C44C029-3DEE-4A54-A93B-A1C4CE747848}
	EndGlobalSection
	GlobalSection(NestedProjects) = preSolution
		{F77EC430-1ADC-45A1-B1DE-33A5BD75E1C1} = {B2B67825-B2DE-46A0-B4A4-4F2D6446A60B}
		{0D2438AF-3874-43B8-A4B2-CCC28C7E2060} = {EA8742D8-356C-4E05-89D1-F043B63E6714}
		{0911A442-2F7F-41EE-89F9-BC20C796C23F} = {EA8742D8-356C-4E05-89D1-F043B63E6714}
		{A0403DF9-F7B2-4CB4-9820-8A6C5B0FDFCC} = {80305C2A-262C-4821-AB61-86CA1370F412}
		{753D0C6D-0E05-4C36-9DF6-8D092FAE023B} = {EA8742D8-356C-4E05-89D1-F043B63E6714}
		{E4939944-C0C8-47E5-ABDB-04E96519FAE5} = {CD02A758-DCD8-4817-8130-9EE5A21ACD38}
		{40B3E0DD-B3CC-42E6-A507-DB6163448FA4} = {B2B67825-B2DE-46A0-B4A4-4F2D6446A60B}
		{3F4696CD-6033-4DDE-95F3-7923C1B9465C} = {56A8193B-1871-4F04-A3A6-4967684BC66D}
		{46E58B38-540D-4677-B682-396DA447E784} = {56A8193B-1871-4F04-A3A6-4967684BC66D}
		{C639571B-C981-4C5C-A0CB-D200D91A4D6E} = {EA8742D8-356C-4E05-89D1-F043B63E6714}
		{87CF62F9-E9E0-423A-AB4C-775A21B9008A} = {20D01436-8294-4317-B189-A72B1673F64A}
	EndGlobalSection
EndGlobal
